{
  "name": "strapi-myanmar-unicode-converter",
  "version": "1.0.2",
  "lockfileVersion": 2,
  "requires": true,
  "packages": {
    "": {
      "name": "strapi-myanmar-unicode-converter",
      "version": "1.0.2",
      "license": "MIT",
      "dependencies": {
        "mm-tools-client-js": "^1.0.0"
      },
      "engines": {
        "node": ">=14.19.1 <=16.x.x",
        "npm": ">=6.0.0"
      }
    },
    "node_modules/mm-tools-client-js": {
      "version": "1.0.0",
      "resolved": "https://registry.npmjs.org/mm-tools-client-js/-/mm-tools-client-js-1.0.0.tgz",
      "integrity": "sha512-nsU6xGfHh7sWpdKKzIL6cMFkiePNHBulxdlbnbfTXiKPBXntbzQgN/VusQ2dWW7lmxt0s0AC43D2UC2id3c+Qg=="
    }
  },
  "dependencies": {
    "mm-tools-client-js": {
      "version": "1.0.0",
      "resolved": "https://registry.npmjs.org/mm-tools-client-js/-/mm-tools-client-js-1.0.0.tgz",
      "integrity": "sha512-nsU6xGfHh7sWpdKKzIL6cMFkiePNHBulxdlbnbfTXiKPBXntbzQgN/VusQ2dWW7lmxt0s0AC43D2UC2id3c+Qg=="
    }
  }
}
